
Microsoft Visual Studio Solution File, Format Version 12.00
# Visual Studio Version 16
VisualStudioVersion = 16.0.30002.166
MinimumVisualStudioVersion = 10.0.40219.1
Project("{FAE04EC0-301F-11D3-BF4B-00C04F79EFBC}") = "Bulky_Book", "Bulky_Book.csproj", "{A8D22E90-FB72-4DEE-A58F-7F6B3E3B5B22}"
EndProject
Project("{FAE04EC0-301F-11D3-BF4B-00C04F79EFBC}") = "Bulky_Book.Models", "..\BulkyBook.Models\Bulky_Book.Models.csproj", "{673A6EFF-BC2E-41BA-BEE3-81DF0EC6D802}"
EndProject
Project("{FAE04EC0-301F-11D3-BF4B-00C04F79EFBC}") = "Bulky_Book.DataAccess", "..\Bulky_Book.DataAccess\Bulky_Book.DataAccess.csproj", "{5F1D7512-2D41-4FAC-A9AD-6073E6CF1419}"
EndProject
Project("{FAE04EC0-301F-11D3-BF4B-00C04F79EFBC}") = "Bulky_Book.Utility", "..\Bulky_Book.Utility\Bulky_Book.Utility.csproj", "{2133D850-CC41-4BA9-BA05-7A400C19C697}"
EndProject
Global
	GlobalSection(SolutionConfigurationPlatforms) = preSolution
		Debug|Any CPU = Debug|Any CPU
		Release|Any CPU = Release|Any CPU
	EndGlobalSection
	GlobalSection(ProjectConfigurationPlatforms) = postSolution
		{A8D22E90-FB72-4DEE-A58F-7F6B3E3B5B22}.Debug|Any CPU.ActiveCfg = Debug|Any CPU
		{A8D22E90-FB72-4DEE-A58F-7F6B3E3B5B22}.Debug|Any CPU.Build.0 = Debug|Any CPU
		{A8D22E90-FB72-4DEE-A58F-7F6B3E3B5B22}.Release|Any CPU.ActiveCfg = Release|Any CPU
		{A8D22E90-FB72-4DEE-A58F-7F6B3E3B5B22}.Release|Any CPU.Build.0 = Release|Any CPU
		{673A6EFF-BC2E-41BA-BEE3-81DF0EC6D802}.Debug|Any CPU.ActiveCfg = Debug|Any CPU
		{673A6EFF-BC2E-41BA-BEE3-81DF0EC6D802}.Debug|Any CPU.Build.0 = Debug|Any CPU
		{673A6EFF-BC2E-41BA-BEE3-81DF0EC6D802}.Release|Any CPU.ActiveCfg = Release|Any CPU
		{673A6EFF-BC2E-41BA-BEE3-81DF0EC6D802}.Release|Any CPU.Build.0 = Release|Any CPU
		{5F1D7512-2D41-4FAC-A9AD-6073E6CF1419}.Debug|Any CPU.ActiveCfg = Debug|Any CPU
		{5F1D7512-2D41-4FAC-A9AD-6073E6CF1419}.Debug|Any CPU.Build.0 = Debug|Any CPU
		{5F1D7512-2D41-4FAC-A9AD-6073E6CF1419}.Release|Any CPU.ActiveCfg = Release|Any CPU
		{5F1D7512-2D41-4FAC-A9AD-6073E6CF1419}.Release|Any CPU.Build.0 = Release|Any CPU
		{2133D850-CC41-4BA9-BA05-7A400C19C697}.Debug|Any CPU.ActiveCfg = Debug|Any CPU
		{2133D850-CC41-4BA9-BA05-7A400C19C697}.Debug|Any CPU.Build.0 = Debug|Any CPU
		{2133D850-CC41-4BA9-BA05-7A400C19C697}.Release|Any CPU.ActiveCfg = Release|Any CPU
		{2133D850-CC41-4BA9-BA05-7A400C19C697}.Release|Any CPU.Build.0 = Release|Any CPU
	EndGlobalSection
	GlobalSection(SolutionProperties) = preSolution
		HideSolutionNode = FALSE
	EndGlobalSection
	GlobalSection(ExtensibilityGlobals) = postSolution
		SolutionGuid = {D0BF33AD-417B-41D5-9940-B1CEF335BD3C}
	EndGlobalSection
EndGlobal
